
Microsoft Visual Studio Solution File, Format Version 12.00
# Visual Studio Version 17
VisualStudioVersion = 17.9.34728.123
MinimumVisualStudioVersion = 10.0.40219.1
Project("{FAE04EC0-301F-11D3-BF4B-00C04F79EFBC}") = "null_tgbot", "null_tgbot\null_tgbot.csproj", "{9D5269D7-11DC-4CA9-B64D-AE1D7D8EBB05}"
EndProject
Global
	GlobalSection(SolutionConfigurationPlatforms) = preSolution
		Debug|Any CPU = Debug|Any CPU
		Release|Any CPU = Release|Any CPU
	EndGlobalSection
	GlobalSection(ProjectConfigurationPlatforms) = postSolution
		{9D5269D7-11DC-4CA9-B64D-AE1D7D8EBB05}.Debug|Any CPU.ActiveCfg = Debug|Any CPU
		{9D5269D7-11DC-4CA9-B64D-AE1D7D8EBB05}.Debug|Any CPU.Build.0 = Debug|Any CPU
		{9D5269D7-11DC-4CA9-B64D-AE1D7D8EBB05}.Release|Any CPU.ActiveCfg = Release|Any CPU
		{9D5269D7-11DC-4CA9-B64D-AE1D7D8EBB05}.Release|Any CPU.Build.0 = Release|Any CPU
	EndGlobalSection
	GlobalSection(SolutionProperties) = preSolution
		HideSolutionNode = FALSE
	EndGlobalSection
	GlobalSection(ExtensibilityGlobals) = postSolution
		SolutionGuid = {8BB4A72A-2ECB-492F-8290-1DF289CAF3EC}
	EndGlobalSection
EndGlobal
